
Microsoft Visual Studio Solution File, Format Version 12.00
# Visual Studio 14
VisualStudioVersion = 14.0.25420.1
MinimumVisualStudioVersion = 10.0.40219.1
Project("{FAE04EC0-301F-11D3-BF4B-00C04F79EFBC}") = "ZNet", "ZNet\ZNet.csproj", "{3CC8EAAB-B119-4382-B021-21FEF147CE86}"
EndProject
Project("{FAE04EC0-301F-11D3-BF4B-00C04F79EFBC}") = "ZNetClient", "ZNetClient\ZNetClient.csproj", "{C0F65DC9-2D32-40CF-A816-64109DE1B43C}"
EndProject
Project("{FAE04EC0-301F-11D3-BF4B-00C04F79EFBC}") = "ZNetServer", "ZNetServer\ZNetServer.csproj", "{E208BBF3-58BA-4699-BC68-31F1B2C84CD4}"
EndProject
Global
	GlobalSection(SolutionConfigurationPlatforms) = preSolution
		Debug|Any CPU = Debug|Any CPU
		Release|Any CPU = Release|Any CPU
	EndGlobalSection
	GlobalSection(ProjectConfigurationPlatforms) = postSolution
		{3CC8EAAB-B119-4382-B021-21FEF147CE86}.Debug|Any CPU.ActiveCfg = Debug|Any CPU
		{3CC8EAAB-B119-4382-B021-21FEF147CE86}.Debug|Any CPU.Build.0 = Debug|Any CPU
		{3CC8EAAB-B119-4382-B021-21FEF147CE86}.Release|Any CPU.ActiveCfg = Release|Any CPU
		{3CC8EAAB-B119-4382-B021-21FEF147CE86}.Release|Any CPU.Build.0 = Release|Any CPU
		{C0F65DC9-2D32-40CF-A816-64109DE1B43C}.Debug|Any CPU.ActiveCfg = Debug|Any CPU
		{C0F65DC9-2D32-40CF-A816-64109DE1B43C}.Debug|Any CPU.Build.0 = Debug|Any CPU
		{C0F65DC9-2D32-40CF-A816-64109DE1B43C}.Release|Any CPU.ActiveCfg = Release|Any CPU
		{C0F65DC9-2D32-40CF-A816-64109DE1B43C}.Release|Any CPU.Build.0 = Release|Any CPU
		{E208BBF3-58BA-4699-BC68-31F1B2C84CD4}.Debug|Any CPU.ActiveCfg = Debug|Any CPU
		{E208BBF3-58BA-4699-BC68-31F1B2C84CD4}.Debug|Any CPU.Build.0 = Debug|Any CPU
		{E208BBF3-58BA-4699-BC68-31F1B2C84CD4}.Release|Any CPU.ActiveCfg = Release|Any CPU
		{E208BBF3-58BA-4699-BC68-31F1B2C84CD4}.Release|Any CPU.Build.0 = Release|Any CPU
	EndGlobalSection
	GlobalSection(SolutionProperties) = preSolution
		HideSolutionNode = FALSE
	EndGlobalSection
EndGlobal
